
Microsoft Visual Studio Solution File, Format Version 12.00
# Visual Studio Version 17
VisualStudioVersion = 17.7.34221.43
MinimumVisualStudioVersion = 10.0.40219.1
Project("{9A19103F-16F7-4668-BE54-9A1E7A4F7556}") = "UcenjeCS", "UcenjeCS\UcenjeCS.csproj", "{C28AB8E0-F1FE-4276-B829-68DA1CAB9E84}"
EndProject
Project("{FAE04EC0-301F-11D3-BF4B-00C04F79EFBC}") = "WebAPI", "WebAPI\WebAPI.csproj", "{BBB5932D-2C75-460C-B62C-A13E1320DFD4}"
EndProject
Global
	GlobalSection(SolutionConfigurationPlatforms) = preSolution
		Debug|Any CPU = Debug|Any CPU
		Release|Any CPU = Release|Any CPU
	EndGlobalSection
	GlobalSection(ProjectConfigurationPlatforms) = postSolution
		{C28AB8E0-F1FE-4276-B829-68DA1CAB9E84}.Debug|Any CPU.ActiveCfg = Debug|Any CPU
		{C28AB8E0-F1FE-4276-B829-68DA1CAB9E84}.Debug|Any CPU.Build.0 = Debug|Any CPU
		{C28AB8E0-F1FE-4276-B829-68DA1CAB9E84}.Release|Any CPU.ActiveCfg = Release|Any CPU
		{C28AB8E0-F1FE-4276-B829-68DA1CAB9E84}.Release|Any CPU.Build.0 = Release|Any CPU
		{BBB5932D-2C75-460C-B62C-A13E1320DFD4}.Debug|Any CPU.ActiveCfg = Debug|Any CPU
		{BBB5932D-2C75-460C-B62C-A13E1320DFD4}.Debug|Any CPU.Build.0 = Debug|Any CPU
		{BBB5932D-2C75-460C-B62C-A13E1320DFD4}.Release|Any CPU.ActiveCfg = Release|Any CPU
		{BBB5932D-2C75-460C-B62C-A13E1320DFD4}.Release|Any CPU.Build.0 = Release|Any CPU
	EndGlobalSection
	GlobalSection(SolutionProperties) = preSolution
		HideSolutionNode = FALSE
	EndGlobalSection
	GlobalSection(ExtensibilityGlobals) = postSolution
		SolutionGuid = {ACEFB900-C7DF-4A2E-AEC9-C64A2C81378F}
	EndGlobalSection
EndGlobal
